
Microsoft Visual Studio Solution File, Format Version 12.00
# Visual Studio 15
VisualStudioVersion = 15.0.27130.2020
MinimumVisualStudioVersion = 10.0.40219.1
Project("{FAE04EC0-301F-11D3-BF4B-00C04F79EFBC}") = "ReaderLibrary", "ReaderLibrary\ReaderLibrary.csproj", "{48F64949-4DCE-4187-9A21-9D557F5D9A7C}"
EndProject
Project("{FAE04EC0-301F-11D3-BF4B-00C04F79EFBC}") = "ConvertHelperLibrary", "ConvertHelper\ConvertHelperLibrary.csproj", "{03929A59-8949-42E0-88DB-D1CAF49E26D5}"
EndProject
Project("{FAE04EC0-301F-11D3-BF4B-00C04F79EFBC}") = "TestReader", "TestReader\TestReader.csproj", "{1C652179-B543-4CBB-A8D0-D4C07EDBB312}"
EndProject
Global
	GlobalSection(SolutionConfigurationPlatforms) = preSolution
		Debug|Any CPU = Debug|Any CPU
		Release|Any CPU = Release|Any CPU
	EndGlobalSection
	GlobalSection(ProjectConfigurationPlatforms) = postSolution
		{48F64949-4DCE-4187-9A21-9D557F5D9A7C}.Debug|Any CPU.ActiveCfg = Debug|Any CPU
		{48F64949-4DCE-4187-9A21-9D557F5D9A7C}.Debug|Any CPU.Build.0 = Debug|Any CPU
		{48F64949-4DCE-4187-9A21-9D557F5D9A7C}.Release|Any CPU.ActiveCfg = Release|Any CPU
		{48F64949-4DCE-4187-9A21-9D557F5D9A7C}.Release|Any CPU.Build.0 = Release|Any CPU
		{03929A59-8949-42E0-88DB-D1CAF49E26D5}.Debug|Any CPU.ActiveCfg = Debug|Any CPU
		{03929A59-8949-42E0-88DB-D1CAF49E26D5}.Debug|Any CPU.Build.0 = Debug|Any CPU
		{03929A59-8949-42E0-88DB-D1CAF49E26D5}.Release|Any CPU.ActiveCfg = Release|Any CPU
		{03929A59-8949-42E0-88DB-D1CAF49E26D5}.Release|Any CPU.Build.0 = Release|Any CPU
		{1C652179-B543-4CBB-A8D0-D4C07EDBB312}.Debug|Any CPU.ActiveCfg = Debug|Any CPU
		{1C652179-B543-4CBB-A8D0-D4C07EDBB312}.Debug|Any CPU.Build.0 = Debug|Any CPU
		{1C652179-B543-4CBB-A8D0-D4C07EDBB312}.Release|Any CPU.ActiveCfg = Release|Any CPU
		{1C652179-B543-4CBB-A8D0-D4C07EDBB312}.Release|Any CPU.Build.0 = Release|Any CPU
	EndGlobalSection
	GlobalSection(SolutionProperties) = preSolution
		HideSolutionNode = FALSE
	EndGlobalSection
	GlobalSection(ExtensibilityGlobals) = postSolution
		SolutionGuid = {23ACE416-1288-4E2E-A077-ADF310331AF7}
	EndGlobalSection
EndGlobal
